version: 6
environments:
  default:
    channels:
    - url: https://conda.anaconda.org/conda-forge/
    indexes:
    - https://pypi.org/simple
    packages:
      win-64:
      - conda: https://conda.anaconda.org/conda-forge/noarch/babel-2.17.0-pyhd8ed1ab_0.conda
      - conda: https://conda.anaconda.org/conda-forge/win-64/brotli-python-1.1.0-py313h5813708_2.conda
      - conda: https://conda.anaconda.org/conda-forge/win-64/bzip2-1.0.8-h2466b09_7.conda
      - conda: https://conda.anaconda.org/conda-forge/win-64/ca-certificates-2025.1.31-h56e8100_0.conda
      - conda: https://conda.anaconda.org/conda-forge/noarch/certifi-2024.12.14-pyhd8ed1ab_0.conda
      - conda: https://conda.anaconda.org/conda-forge/win-64/cffi-1.17.1-py313ha7868ed_0.conda
      - conda: https://conda.anaconda.org/conda-forge/noarch/charset-normalizer-3.4.1-pyhd8ed1ab_0.conda
      - conda: https://conda.anaconda.org/conda-forge/noarch/click-8.1.8-pyh7428d3b_0.conda
      - conda: https://conda.anaconda.org/conda-forge/noarch/colorama-0.4.6-pyhd8ed1ab_1.conda
      - conda: https://conda.anaconda.org/conda-forge/noarch/dataclasses-0.8-pyhc8e2a94_3.tar.bz2
      - conda: https://conda.anaconda.org/conda-forge/noarch/ghp-import-2.1.0-pyhd8ed1ab_2.conda
      - conda: https://conda.anaconda.org/conda-forge/noarch/h2-4.2.0-pyhd8ed1ab_0.conda
      - conda: https://conda.anaconda.org/conda-forge/noarch/hpack-4.1.0-pyhd8ed1ab_0.conda
      - conda: https://conda.anaconda.org/conda-forge/noarch/hyperframe-6.1.0-pyhd8ed1ab_0.conda
      - conda: https://conda.anaconda.org/conda-forge/noarch/idna-3.10-pyhd8ed1ab_1.conda
      - conda: https://conda.anaconda.org/conda-forge/noarch/importlib-metadata-8.6.1-pyha770c72_0.conda
      - conda: https://conda.anaconda.org/conda-forge/noarch/jinja2-3.1.5-pyhd8ed1ab_0.conda
      - conda: https://conda.anaconda.org/conda-forge/win-64/libexpat-2.6.4-he0c23c2_0.conda
      - conda: https://conda.anaconda.org/conda-forge/win-64/libffi-3.4.6-h537db12_0.conda
      - conda: https://conda.anaconda.org/conda-forge/win-64/liblzma-5.6.4-h2466b09_0.conda
      - conda: https://conda.anaconda.org/conda-forge/win-64/libmpdec-4.0.0-h2466b09_0.conda
      - conda: https://conda.anaconda.org/conda-forge/win-64/libsqlite-3.48.0-h67fdade_1.conda
      - conda: https://conda.anaconda.org/conda-forge/win-64/libzlib-1.3.1-h2466b09_2.conda
      - conda: https://conda.anaconda.org/conda-forge/noarch/lunr-0.8.0-pyh29332c3_0.conda
      - conda: https://conda.anaconda.org/conda-forge/noarch/markdown-3.6-pyhd8ed1ab_0.conda
      - conda: https://conda.anaconda.org/conda-forge/win-64/markupsafe-3.0.2-py313hb4c8b1a_1.conda
      - conda: https://conda.anaconda.org/conda-forge/noarch/mergedeep-1.3.4-pyhd8ed1ab_1.conda
      - conda: https://conda.anaconda.org/conda-forge/noarch/mkdocs-1.6.1-pyhd8ed1ab_1.conda
      - conda: https://conda.anaconda.org/conda-forge/noarch/mkdocs-get-deps-0.2.0-pyhd8ed1ab_1.conda
      - conda: https://conda.anaconda.org/conda-forge/noarch/mkdocs-material-9.6.3-pyhd8ed1ab_0.conda
      - conda: https://conda.anaconda.org/conda-forge/noarch/mkdocs-material-extensions-1.3.1-pyhd8ed1ab_1.conda
      - conda: https://conda.anaconda.org/conda-forge/win-64/openssl-3.4.0-ha4e3fda_1.conda
      - conda: https://conda.anaconda.org/conda-forge/noarch/packaging-24.2-pyhd8ed1ab_2.conda
      - conda: https://conda.anaconda.org/conda-forge/noarch/paginate-0.5.7-pyhd8ed1ab_1.conda
      - conda: https://conda.anaconda.org/conda-forge/noarch/pathspec-0.12.1-pyhd8ed1ab_1.conda
      - conda: https://conda.anaconda.org/conda-forge/noarch/platformdirs-4.3.6-pyhd8ed1ab_1.conda
      - conda: https://conda.anaconda.org/conda-forge/noarch/pycparser-2.22-pyh29332c3_1.conda
      - conda: https://conda.anaconda.org/conda-forge/noarch/pygments-2.19.1-pyhd8ed1ab_0.conda
      - conda: https://conda.anaconda.org/conda-forge/noarch/pymdown-extensions-10.14.3-pyhd8ed1ab_0.conda
      - conda: https://conda.anaconda.org/conda-forge/noarch/pypdf2-3.0.1-pyhd8ed1ab_1.conda
      - conda: https://conda.anaconda.org/conda-forge/noarch/pysocks-1.7.1-pyh09c184e_7.conda
      - conda: https://conda.anaconda.org/conda-forge/win-64/python-3.13.1-h071d269_105_cp313.conda
      - conda: https://conda.anaconda.org/conda-forge/noarch/python-dateutil-2.9.0.post0-pyhff2d567_1.conda
      - conda: https://conda.anaconda.org/conda-forge/win-64/python_abi-3.13-5_cp313.conda
      - conda: https://conda.anaconda.org/conda-forge/noarch/pytz-2025.1-pyhd8ed1ab_0.conda
      - conda: https://conda.anaconda.org/conda-forge/win-64/pyyaml-6.0.2-py313hb4c8b1a_2.conda
      - conda: https://conda.anaconda.org/conda-forge/noarch/pyyaml-env-tag-0.1-pyhd8ed1ab_1.conda
      - conda: https://conda.anaconda.org/conda-forge/win-64/regex-2024.11.6-py313ha7868ed_0.conda
      - conda: https://conda.anaconda.org/conda-forge/noarch/requests-2.32.3-pyhd8ed1ab_1.conda
      - conda: https://conda.anaconda.org/conda-forge/noarch/six-1.17.0-pyhd8ed1ab_0.conda
      - conda: https://conda.anaconda.org/conda-forge/win-64/tk-8.6.13-h5226925_1.conda
      - conda: https://conda.anaconda.org/conda-forge/noarch/typing-extensions-4.13.1-hf5ce1d7_0.conda
      - conda: https://conda.anaconda.org/conda-forge/noarch/typing_extensions-4.13.1-pyh29332c3_0.conda
      - conda: https://conda.anaconda.org/conda-forge/noarch/tzdata-2025a-h78e105d_0.conda
      - conda: https://conda.anaconda.org/conda-forge/win-64/ucrt-10.0.22621.0-h57928b3_1.conda
      - conda: https://conda.anaconda.org/conda-forge/noarch/urllib3-2.3.0-pyhd8ed1ab_0.conda
      - conda: https://conda.anaconda.org/conda-forge/win-64/vc-14.3-h5fd82a7_24.conda
      - conda: https://conda.anaconda.org/conda-forge/win-64/vc14_runtime-14.42.34433-h6356254_24.conda
      - conda: https://conda.anaconda.org/conda-forge/win-64/vs2015_runtime-14.42.34433-hfef2bbc_24.conda
      - conda: https://conda.anaconda.org/conda-forge/win-64/watchdog-6.0.0-py313hfa70ccb_0.conda
      - conda: https://conda.anaconda.org/conda-forge/noarch/win_inet_pton-1.1.0-pyh7428d3b_8.conda
      - conda: https://conda.anaconda.org/conda-forge/win-64/yaml-0.2.5-h8ffe710_2.tar.bz2
      - conda: https://conda.anaconda.org/conda-forge/noarch/zipp-3.21.0-pyhd8ed1ab_1.conda
      - conda: https://conda.anaconda.org/conda-forge/win-64/zstandard-0.23.0-py313h574b89f_1.conda
      - conda: https://conda.anaconda.org/conda-forge/win-64/zstd-1.5.6-h0ea2cb4_0.conda
      - pypi: https://files.pythonhosted.org/packages/f9/49/6abb616eb3cbab6a7cca303dc02fdf3836de2e0b834bf966a7f5271a34d8/beautifulsoup4-4.13.3-py3-none-any.whl
      - pypi: https://files.pythonhosted.org/packages/51/bb/bf7aab772a159614954d84aa832c129624ba6c32faa559dfb200a534e50b/bs4-0.0.2-py2.py3-none-any.whl
      - pypi: https://files.pythonhosted.org/packages/c8/63/baffb44ca6876e7b5fc8fe17b24a7c07bf479d604a592182db9af26ea366/cachecontrol-0.14.2-py3-none-any.whl
      - pypi: https://files.pythonhosted.org/packages/89/ec/00d68c4ddfedfe64159999e5f8a98fb8442729a63e2077eb9dcd89623d27/filelock-3.17.0-py3-none-any.whl
      - pypi: https://files.pythonhosted.org/packages/a0/61/5c78b91c3143ed5c14207f463aecfc8f9dbb5092fb2869baf37c273b2705/gitdb-4.0.12-py3-none-any.whl
      - pypi: https://files.pythonhosted.org/packages/1d/9a/4114a9057db2f1462d5c8f8390ab7383925fe1ac012eaa42402ad65c2963/GitPython-3.1.44-py3-none-any.whl
      - pypi: https://files.pythonhosted.org/packages/1f/7f/13cd798d180af4bf4c0ceddeefba2b864a63c71645abc0308b768d67bb81/hjson-3.1.0-py3-none-any.whl
      - pypi: https://files.pythonhosted.org/packages/64/11/b751af7ad41b254a802cf52f7bc1fca7cabe2388132f2ce60a1a6b9b9622/markdownify-1.1.0-py3-none-any.whl
      - pypi: https://files.pythonhosted.org/packages/55/cf/f03331298ee50a4da6fb72ccec79078041158c1f8b5fc24835c1be42232e/mkdocs_macros_plugin-1.3.7-py3-none-any.whl
      - pypi: https://files.pythonhosted.org/packages/21/94/44f3c868495481c868d08eea065c82803f1affd8553d3383b782f497613c/mkdocs_open_in_new_tab-1.0.8-py3-none-any.whl
      - pypi: https://files.pythonhosted.org/packages/c6/53/387e9ff4e3857cac1a1a1f4d707ca1673c293174fd134de0c25513fb0c49/mkdocs_rss_plugin-1.17.1-py2.py3-none-any.whl
      - pypi: https://files.pythonhosted.org/packages/b6/bc/8bd826dd03e022153bfa1766dcdec4976d6c818865ed54223d71f07862b3/msgpack-1.1.0-cp313-cp313-win_amd64.whl
      - pypi: https://files.pythonhosted.org/packages/04/be/d09147ad1ec7934636ad912901c5fd7667e1c858e19d355237db0d0cd5e4/smmap-5.0.2-py3-none-any.whl
      - pypi: https://files.pythonhosted.org/packages/d1/c2/fe97d779f3ef3b15f05c94a2f1e3d21732574ed441687474db9d342a7315/soupsieve-2.6-py3-none-any.whl
      - pypi: https://files.pythonhosted.org/packages/07/6d/58de58c521e7fb79bceb4da90d55250070bb4adfa3c870b82519a561c79d/super_collections-0.5.3-py3-none-any.whl
      - pypi: https://files.pythonhosted.org/packages/a6/7e/a574ccd49ad07e8b117407bac361f1e096b01f1b620365daf60ff702c936/termcolor-3.0.1-py3-none-any.whl
      - pypi: https://files.pythonhosted.org/packages/a6/ab/7e5f53c3b9d14972843a647d8d7a853969a58aecc7559cb3267302c94774/tzdata-2024.2-py2.py3-none-any.whl
packages:
- conda: https://conda.anaconda.org/conda-forge/noarch/babel-2.17.0-pyhd8ed1ab_0.conda
  sha256: 1c656a35800b7f57f7371605bc6507c8d3ad60fbaaec65876fce7f73df1fc8ac
  md5: 0a01c169f0ab0f91b26e77a3301fbfe4
  depends:
  - python >=3.9
  - pytz >=2015.7
  license: BSD-3-Clause
  license_family: BSD
  purls:
  - pkg:pypi/babel?source=compressed-mapping
  size: 6938256
  timestamp: 1738490268466
- pypi: https://files.pythonhosted.org/packages/f9/49/6abb616eb3cbab6a7cca303dc02fdf3836de2e0b834bf966a7f5271a34d8/beautifulsoup4-4.13.3-py3-none-any.whl
  name: beautifulsoup4
  version: 4.13.3
  sha256: 99045d7d3f08f91f0d656bc9b7efbae189426cd913d830294a15eefa0ea4df16
  requires_dist:
  - soupsieve>1.2
  - typing-extensions>=4.0.0
  - cchardet ; extra == 'cchardet'
  - chardet ; extra == 'chardet'
  - charset-normalizer ; extra == 'charset-normalizer'
  - html5lib ; extra == 'html5lib'
  - lxml ; extra == 'lxml'
  requires_python: '>=3.7.0'
- conda: https://conda.anaconda.org/conda-forge/win-64/brotli-python-1.1.0-py313h5813708_2.conda
  sha256: e89803147849d429f1ba3eec880b487c2cc4cac48a221079001a2ab1216f3709
  md5: c1a5d95bf18940d2b1d12f7bf2fb589b
  depends:
  - python >=3.13.0rc1,<3.14.0a0
  - python_abi 3.13.* *_cp313
  - ucrt >=10.0.20348.0
  - vc >=14.2,<15
  - vc14_runtime >=14.29.30139
  constrains:
  - libbrotlicommon 1.1.0 h2466b09_2
  license: MIT
  license_family: MIT
  purls:
  - pkg:pypi/brotli?source=hash-mapping
  size: 322309
  timestamp: 1725268431915
- pypi: https://files.pythonhosted.org/packages/51/bb/bf7aab772a159614954d84aa832c129624ba6c32faa559dfb200a534e50b/bs4-0.0.2-py2.py3-none-any.whl
  name: bs4
  version: 0.0.2
  sha256: abf8742c0805ef7f662dce4b51cca104cffe52b835238afc169142ab9b3fbccc
  requires_dist:
  - beautifulsoup4
- conda: https://conda.anaconda.org/conda-forge/win-64/bzip2-1.0.8-h2466b09_7.conda
  sha256: 35a5dad92e88fdd7fc405e864ec239486f4f31eec229e31686e61a140a8e573b
  md5: 276e7ffe9ffe39688abc665ef0f45596
  depends:
  - ucrt >=10.0.20348.0
  - vc >=14.2,<15
  - vc14_runtime >=14.29.30139
  license: bzip2-1.0.6
  license_family: BSD
  purls: []
  size: 54927
  timestamp: 1720974860185
- conda: https://conda.anaconda.org/conda-forge/win-64/ca-certificates-2025.1.31-h56e8100_0.conda
  sha256: 1bedccdf25a3bd782d6b0e57ddd97cdcda5501716009f2de4479a779221df155
  md5: 5304a31607974dfc2110dfbb662ed092
  license: ISC
  purls: []
  size: 158690
  timestamp: 1738298232550
- pypi: https://files.pythonhosted.org/packages/c8/63/baffb44ca6876e7b5fc8fe17b24a7c07bf479d604a592182db9af26ea366/cachecontrol-0.14.2-py3-none-any.whl
  name: cachecontrol
  version: 0.14.2
  sha256: ebad2091bf12d0d200dfc2464330db638c5deb41d546f6d7aca079e87290f3b0
  requires_dist:
  - requests>=2.16.0
  - msgpack>=0.5.2,<2.0.0
  - cachecontrol[filecache,redis] ; extra == 'dev'
  - build ; extra == 'dev'
  - cherrypy ; extra == 'dev'
  - codespell[tomli] ; extra == 'dev'
  - furo ; extra == 'dev'
  - mypy ; extra == 'dev'
  - pytest ; extra == 'dev'
  - pytest-cov ; extra == 'dev'
  - ruff ; extra == 'dev'
  - sphinx ; extra == 'dev'
  - sphinx-copybutton ; extra == 'dev'
  - tox ; extra == 'dev'
  - types-redis ; extra == 'dev'
  - types-requests ; extra == 'dev'
  - filelock>=3.8.0 ; extra == 'filecache'
  - redis>=2.10.5 ; extra == 'redis'
  requires_python: '>=3.8'
- conda: https://conda.anaconda.org/conda-forge/noarch/certifi-2024.12.14-pyhd8ed1ab_0.conda
  sha256: 048c16a9cbcb1fbad02083414d3bc7c1d0eea4b39aee6aa6bf8d1d5089ca8bad
  md5: 6feb87357ecd66733be3279f16a8c400
  depends:
  - python >=3.9
  license: ISC
  purls:
  - pkg:pypi/certifi?source=hash-mapping
  size: 161642
  timestamp: 1734380604767
- conda: https://conda.anaconda.org/conda-forge/win-64/cffi-1.17.1-py313ha7868ed_0.conda
  sha256: b19f581fe423858f1f477c52e10978be324c55ebf2e418308d30d013f4a476ff
  md5: 519a29d7ac273f8c165efc0af099da42
  depends:
  - pycparser
  - python >=3.13.0rc1,<3.14.0a0
  - python_abi 3.13.* *_cp313
  - ucrt >=10.0.20348.0
  - vc >=14.2,<15
  - vc14_runtime >=14.29.30139
  license: MIT
  license_family: MIT
  purls:
  - pkg:pypi/cffi?source=hash-mapping
  size: 291828
  timestamp: 1725561211547
- conda: https://conda.anaconda.org/conda-forge/noarch/charset-normalizer-3.4.1-pyhd8ed1ab_0.conda
  sha256: 4e0ee91b97e5de3e74567bdacea27f0139709fceca4db8adffbe24deffccb09b
  md5: e83a31202d1c0a000fce3e9cf3825875
  depends:
  - python >=3.9
  license: MIT
  license_family: MIT
  purls:
  - pkg:pypi/charset-normalizer?source=hash-mapping
  size: 47438
  timestamp: 1735929811779
- conda: https://conda.anaconda.org/conda-forge/noarch/click-8.1.8-pyh7428d3b_0.conda
  sha256: c889ed359ae47eead4ffe8927b7206b22c55e67d6e74a9044c23736919d61e8d
  md5: 90e5571556f7a45db92ee51cb8f97af6
  depends:
  - __win
  - colorama
  - python >=3.9
  license: BSD-3-Clause
  license_family: BSD
  purls:
  - pkg:pypi/click?source=hash-mapping
  size: 85169
  timestamp: 1734858972635
- conda: https://conda.anaconda.org/conda-forge/noarch/colorama-0.4.6-pyhd8ed1ab_1.conda
  sha256: ab29d57dc70786c1269633ba3dff20288b81664d3ff8d21af995742e2bb03287
  md5: 962b9857ee8e7018c22f2776ffa0b2d7
  depends:
  - python >=3.9
  license: BSD-3-Clause
  license_family: BSD
  purls:
  - pkg:pypi/colorama?source=hash-mapping
  size: 27011
  timestamp: 1733218222191
- conda: https://conda.anaconda.org/conda-forge/noarch/dataclasses-0.8-pyhc8e2a94_3.tar.bz2
  sha256: 63a83e62e0939bc1ab32de4ec736f6403084198c4639638b354a352113809c92
  md5: a362b2124b06aad102e2ee4581acee7d
  depends:
  - python >=3.7
  license: Apache-2.0
  license_family: APACHE
  purls:
  - pkg:pypi/dataclasses?source=hash-mapping
  size: 9870
  timestamp: 1628958582931
- pypi: https://files.pythonhosted.org/packages/89/ec/00d68c4ddfedfe64159999e5f8a98fb8442729a63e2077eb9dcd89623d27/filelock-3.17.0-py3-none-any.whl
  name: filelock
  version: 3.17.0
  sha256: 533dc2f7ba78dc2f0f531fc6c4940addf7b70a481e269a5a3b93be94ffbe8338
  requires_dist:
  - furo>=2024.8.6 ; extra == 'docs'
  - sphinx-autodoc-typehints>=3 ; extra == 'docs'
  - sphinx>=8.1.3 ; extra == 'docs'
  - covdefaults>=2.3 ; extra == 'testing'
  - coverage>=7.6.10 ; extra == 'testing'
  - diff-cover>=9.2.1 ; extra == 'testing'
  - pytest-asyncio>=0.25.2 ; extra == 'testing'
  - pytest-cov>=6 ; extra == 'testing'
  - pytest-mock>=3.14 ; extra == 'testing'
  - pytest-timeout>=2.3.1 ; extra == 'testing'
  - pytest>=8.3.4 ; extra == 'testing'
  - virtualenv>=20.28.1 ; extra == 'testing'
  - typing-extensions>=4.12.2 ; python_full_version < '3.11' and extra == 'typing'
  requires_python: '>=3.9'
- conda: https://conda.anaconda.org/conda-forge/noarch/ghp-import-2.1.0-pyhd8ed1ab_2.conda
  sha256: 40fdf5a9d5cc7a3503cd0c33e1b90b1e6eab251aaaa74e6b965417d089809a15
  md5: 93f742fe078a7b34c29a182958d4d765
  depends:
  - python >=3.9
  - python-dateutil >=2.8.1
  license: Apache-2.0
  license_family: APACHE
  purls:
  - pkg:pypi/ghp-import?source=hash-mapping
  size: 16538
  timestamp: 1734344477841
- pypi: https://files.pythonhosted.org/packages/a0/61/5c78b91c3143ed5c14207f463aecfc8f9dbb5092fb2869baf37c273b2705/gitdb-4.0.12-py3-none-any.whl
  name: gitdb
  version: 4.0.12
  sha256: 67073e15955400952c6565cc3e707c554a4eea2e428946f7a4c162fab9bd9bcf
  requires_dist:
  - smmap>=3.0.1,<6
  requires_python: '>=3.7'
- pypi: https://files.pythonhosted.org/packages/1d/9a/4114a9057db2f1462d5c8f8390ab7383925fe1ac012eaa42402ad65c2963/GitPython-3.1.44-py3-none-any.whl
  name: gitpython
  version: 3.1.44
  sha256: 9e0e10cda9bed1ee64bc9a6de50e7e38a9c9943241cd7f585f6df3ed28011110
  requires_dist:
  - gitdb>=4.0.1,<5
  - typing-extensions>=3.7.4.3 ; python_full_version < '3.8'
  - coverage[toml] ; extra == 'test'
  - ddt>=1.1.1,!=1.4.3 ; extra == 'test'
  - mock ; python_full_version < '3.8' and extra == 'test'
  - mypy ; extra == 'test'
  - pre-commit ; extra == 'test'
  - pytest>=7.3.1 ; extra == 'test'
  - pytest-cov ; extra == 'test'
  - pytest-instafail ; extra == 'test'
  - pytest-mock ; extra == 'test'
  - pytest-sugar ; extra == 'test'
  - typing-extensions ; python_full_version < '3.11' and extra == 'test'
  - sphinx>=7.1.2,<7.2 ; extra == 'doc'
  - sphinx-rtd-theme ; extra == 'doc'
  - sphinx-autodoc-typehints ; extra == 'doc'
  requires_python: '>=3.7'
- conda: https://conda.anaconda.org/conda-forge/noarch/h2-4.2.0-pyhd8ed1ab_0.conda
  sha256: 0aa1cdc67a9fe75ea95b5644b734a756200d6ec9d0dff66530aec3d1c1e9df75
  md5: b4754fb1bdcb70c8fd54f918301582c6
  depends:
  - hpack >=4.1,<5
  - hyperframe >=6.1,<7
  - python >=3.9
  license: MIT
  license_family: MIT
  purls:
  - pkg:pypi/h2?source=hash-mapping
  size: 53888
  timestamp: 1738578623567
- pypi: https://files.pythonhosted.org/packages/1f/7f/13cd798d180af4bf4c0ceddeefba2b864a63c71645abc0308b768d67bb81/hjson-3.1.0-py3-none-any.whl
  name: hjson
  version: 3.1.0
  sha256: 65713cdcf13214fb554eb8b4ef803419733f4f5e551047c9b711098ab7186b89
- conda: https://conda.anaconda.org/conda-forge/noarch/hpack-4.1.0-pyhd8ed1ab_0.conda
  sha256: 6ad78a180576c706aabeb5b4c8ceb97c0cb25f1e112d76495bff23e3779948ba
  md5: 0a802cb9888dd14eeefc611f05c40b6e
  depends:
  - python >=3.9
  license: MIT
  license_family: MIT
  purls:
  - pkg:pypi/hpack?source=hash-mapping
  size: 30731
  timestamp: 1737618390337
- conda: https://conda.anaconda.org/conda-forge/noarch/hyperframe-6.1.0-pyhd8ed1ab_0.conda
  sha256: 77af6f5fe8b62ca07d09ac60127a30d9069fdc3c68d6b256754d0ffb1f7779f8
  md5: 8e6923fc12f1fe8f8c4e5c9f343256ac
  depends:
  - python >=3.9
  license: MIT
  license_family: MIT
  purls:
  - pkg:pypi/hyperframe?source=hash-mapping
  size: 17397
  timestamp: 1737618427549
- conda: https://conda.anaconda.org/conda-forge/noarch/idna-3.10-pyhd8ed1ab_1.conda
  sha256: d7a472c9fd479e2e8dcb83fb8d433fce971ea369d704ece380e876f9c3494e87
  md5: 39a4f67be3286c86d696df570b1201b7
  depends:
  - python >=3.9
  license: BSD-3-Clause
  license_family: BSD
  purls:
  - pkg:pypi/idna?source=hash-mapping
  size: 49765
  timestamp: 1733211921194
- conda: https://conda.anaconda.org/conda-forge/noarch/importlib-metadata-8.6.1-pyha770c72_0.conda
  sha256: 598951ebdb23e25e4cec4bbff0ae369cec65ead80b50bc08b441d8e54de5cf03
  md5: f4b39bf00c69f56ac01e020ebfac066c
  depends:
  - python >=3.9
  - zipp >=0.5
  license: Apache-2.0
  license_family: APACHE
  purls:
  - pkg:pypi/importlib-metadata?source=hash-mapping
  size: 29141
  timestamp: 1737420302391
- conda: https://conda.anaconda.org/conda-forge/noarch/jinja2-3.1.5-pyhd8ed1ab_0.conda
  sha256: 98977694b9ecaa3218662f843425f39501f81973c450f995eec68f1803ed71c3
  md5: 2752a6ed44105bfb18c9bef1177d9dcd
  depends:
  - markupsafe >=2.0
  - python >=3.9
  license: BSD-3-Clause
  license_family: BSD
  purls:
  - pkg:pypi/jinja2?source=hash-mapping
  size: 112561
  timestamp: 1734824044952
- conda: https://conda.anaconda.org/conda-forge/win-64/libexpat-2.6.4-he0c23c2_0.conda
  sha256: 0c0447bf20d1013d5603499de93a16b6faa92d7ead870d96305c0f065b6a5a12
  md5: eb383771c680aa792feb529eaf9df82f
  depends:
  - ucrt >=10.0.20348.0
  - vc >=14.2,<15
  - vc14_runtime >=14.29.30139
  constrains:
  - expat 2.6.4.*
  license: MIT
  license_family: MIT
  purls: []
  size: 139068
  timestamp: 1730967442102
- conda: https://conda.anaconda.org/conda-forge/win-64/libffi-3.4.6-h537db12_0.conda
  sha256: 77922d8dd2faf88ac6accaeebf06409d1820486fde710cff6b554d12273e46be
  md5: 31d5107f75b2f204937728417e2e39e5
  depends:
  - ucrt >=10.0.20348.0
  - vc >=14.2,<15
  - vc14_runtime >=14.29.30139
  license: MIT
  purls: []
  size: 40830
  timestamp: 1739260917585
- conda: https://conda.anaconda.org/conda-forge/win-64/liblzma-5.6.4-h2466b09_0.conda
  sha256: 3f552b0bdefdd1459ffc827ea3bf70a6a6920c7879d22b6bfd0d73015b55227b
  md5: c48f6ad0ef0a555b27b233dfcab46a90
  depends:
  - ucrt >=10.0.20348.0
  - vc >=14.2,<15
  - vc14_runtime >=14.29.30139
  license: 0BSD
  purls: []
  size: 104465
  timestamp: 1738525557254
- conda: https://conda.anaconda.org/conda-forge/win-64/libmpdec-4.0.0-h2466b09_0.conda
  sha256: fc529fc82c7caf51202cc5cec5bb1c2e8d90edbac6d0a4602c966366efe3c7bf
  md5: 74860100b2029e2523cf480804c76b9b
  depends:
  - ucrt >=10.0.20348.0
  - vc >=14.2,<15
  - vc14_runtime >=14.29.30139
  license: BSD-2-Clause
  license_family: BSD
  purls: []
  size: 88657
  timestamp: 1723861474602
- conda: https://conda.anaconda.org/conda-forge/win-64/libsqlite-3.48.0-h67fdade_1.conda
  sha256: eb889b9ea754d30268fa740f91e62fae6c30ca40f9769051dd42390d2470a7ff
  md5: 5a7a8f7f68ce1bdb7b58219786436f30
  depends:
  - ucrt >=10.0.20348.0
  - vc >=14.2,<15
  - vc14_runtime >=14.29.30139
  license: Unlicense
  purls: []
  size: 897026
  timestamp: 1737565547561
- conda: https://conda.anaconda.org/conda-forge/win-64/libzlib-1.3.1-h2466b09_2.conda
  sha256: ba945c6493449bed0e6e29883c4943817f7c79cbff52b83360f7b341277c6402
  md5: 41fbfac52c601159df6c01f875de31b9
  depends:
  - ucrt >=10.0.20348.0
  - vc >=14.2,<15
  - vc14_runtime >=14.29.30139
  constrains:
  - zlib 1.3.1 *_2
  license: Zlib
  license_family: Other
  purls: []
  size: 55476
  timestamp: 1727963768015
- conda: https://conda.anaconda.org/conda-forge/noarch/lunr-0.8.0-pyh29332c3_0.conda
  sha256: a7f06d28ee83108238088fec42ad5b24de9ab29ceaa7782972c6c8ef1323318f
  md5: ce9fa4358e9e53f9f990bd3f7bb57c3e
  depends:
  - typing-extensions
  - importlib-metadata
  - python >=3.9
  - python
  license: MIT
  license_family: MIT
  purls:
  - pkg:pypi/lunr?source=hash-mapping
  size: 991544
  timestamp: 1741457227589
- conda: https://conda.anaconda.org/conda-forge/noarch/markdown-3.6-pyhd8ed1ab_0.conda
  sha256: fce1fde00359696983989699c00f9891194c4ebafea647a8d21b7e2e3329b56e
  md5: 06e9bebf748a0dea03ecbe1f0e27e909
  depends:
  - importlib-metadata >=4.4
  - python >=3.6
  license: BSD-3-Clause
  license_family: BSD
  purls:
  - pkg:pypi/markdown?source=hash-mapping
  size: 78331
  timestamp: 1710435316163
- pypi: https://files.pythonhosted.org/packages/64/11/b751af7ad41b254a802cf52f7bc1fca7cabe2388132f2ce60a1a6b9b9622/markdownify-1.1.0-py3-none-any.whl
  name: markdownify
  version: 1.1.0
  sha256: 32a5a08e9af02c8a6528942224c91b933b4bd2c7d078f9012943776fc313eeef
  requires_dist:
  - beautifulsoup4>=4.9,<5
  - six>=1.15,<2
- conda: https://conda.anaconda.org/conda-forge/win-64/markupsafe-3.0.2-py313hb4c8b1a_1.conda
  sha256: f16cb398915f52d582bcea69a16cf69a56dab6ea2fab6f069da9c2c10f09534c
  md5: ec9ecf6ee4cceb73a0c9a8cdfdf58bed
  depends:
  - python >=3.13,<3.14.0a0
  - python_abi 3.13.* *_cp313
  - ucrt >=10.0.20348.0
  - vc >=14.2,<15
  - vc14_runtime >=14.29.30139
  constrains:
  - jinja2 >=3.0.0
  license: BSD-3-Clause
  license_family: BSD
  purls:
  - pkg:pypi/markupsafe?source=hash-mapping
  size: 27930
  timestamp: 1733220059655
- conda: https://conda.anaconda.org/conda-forge/noarch/mergedeep-1.3.4-pyhd8ed1ab_1.conda
  sha256: e5b555fd638334a253d83df14e3c913ef8ce10100090e17fd6fb8e752d36f95d
  md5: d9a8fc1f01deae61735c88ec242e855c
  depends:
  - python >=3.9
  license: MIT
  license_family: MIT
  purls:
  - pkg:pypi/mergedeep?source=hash-mapping
  size: 11676
  timestamp: 1734157119152
- conda: https://conda.anaconda.org/conda-forge/noarch/mkdocs-1.6.1-pyhd8ed1ab_1.conda
  sha256: 902d2e251f9a7ffa7d86a3e62be5b2395e28614bd4dbe5f50acf921fd64a8c35
  md5: 14661160be39d78f2b210f2cc2766059
  depends:
  - click >=7.0
  - colorama >=0.4
  - ghp-import >=1.0
  - importlib-metadata >=4.4
  - jinja2 >=2.11.1
  - markdown >=3.3.6
  - markupsafe >=2.0.1
  - mergedeep >=1.3.4
  - mkdocs-get-deps >=0.2.0
  - packaging >=20.5
  - pathspec >=0.11.1
  - python >=3.9
  - pyyaml >=5.1
  - pyyaml-env-tag >=0.1
  - watchdog >=2.0
  constrains:
  - babel >=2.9.0
  license: BSD-2-Clause
  license_family: BSD
  purls:
  - pkg:pypi/mkdocs?source=hash-mapping
  size: 3524754
  timestamp: 1734344673481
- conda: https://conda.anaconda.org/conda-forge/noarch/mkdocs-get-deps-0.2.0-pyhd8ed1ab_1.conda
  sha256: e0b501b96f7e393757fb2a61d042015966f6c5e9ac825925e43f9a6eafa907b6
  md5: 84382acddb26c27c70f2de8d4c830830
  depends:
  - importlib-metadata >=4.3
  - mergedeep >=1.3.4
  - platformdirs >=2.2.0
  - python >=3.9
  - pyyaml >=5.1
  license: MIT
  license_family: MIT
  purls:
  - pkg:pypi/mkdocs-get-deps?source=hash-mapping
  size: 14757
  timestamp: 1734353035244
- pypi: https://files.pythonhosted.org/packages/55/cf/f03331298ee50a4da6fb72ccec79078041158c1f8b5fc24835c1be42232e/mkdocs_macros_plugin-1.3.7-py3-none-any.whl
  name: mkdocs-macros-plugin
  version: 1.3.7
  sha256: 02432033a5b77fb247d6ec7924e72fc4ceec264165b1644ab8d0dc159c22ce59
  requires_dist:
  - hjson
  - jinja2
  - mkdocs>=0.17
  - packaging
  - pathspec
  - python-dateutil
  - pyyaml
  - super-collections
  - termcolor
  - mkdocs-include-markdown-plugin ; extra == 'test'
  - mkdocs-macros-test ; extra == 'test'
  - mkdocs-material>=6.2 ; extra == 'test'
  - mkdocs-test ; extra == 'test'
  - mkdocs-d2-plugin ; extra == 'test'
  requires_python: '>=3.8'
- conda: https://conda.anaconda.org/conda-forge/noarch/mkdocs-material-9.6.3-pyhd8ed1ab_0.conda
  sha256: b000b4a4e9e227483cbd07bc2d5f3dbd7b69052582da5414d00fb92842c5ec49
  md5: 01858aee3c4c9fd308e9fc4236454fcf
  depends:
  - babel >=2.10,<3.dev0
  - colorama >=0.4,<1.dev0
  - jinja2 >=3.0,<4.dev0
  - markdown >=3.2,<4.dev0
  - mkdocs >=1.6,<2.dev0
  - mkdocs-material-extensions >=1.3,<2.dev0
  - paginate >=0.5,<1.dev0
  - pygments >=2.16,<3.dev0
  - pymdown-extensions >=10.2,<11.dev0
  - python >=3.9
  - regex >=2022.4
  - requests >=2.26,<3.dev0
  license: MIT
  license_family: MIT
  purls:
  - pkg:pypi/mkdocs-material?source=hash-mapping
  size: 4898180
  timestamp: 1738937005041
- conda: https://conda.anaconda.org/conda-forge/noarch/mkdocs-material-extensions-1.3.1-pyhd8ed1ab_1.conda
  sha256: f62955d40926770ab65cc54f7db5fde6c073a3ba36a0787a7a5767017da50aa3
  md5: de8af4000a4872e16fb784c649679c8e
  depends:
  - python >=3.9
  constrains:
  - mkdocs-material >=5.0.0
  license: MIT
  license_family: MIT
  purls:
  - pkg:pypi/mkdocs-material-extensions?source=hash-mapping
  size: 16122
  timestamp: 1734641109286
- pypi: https://files.pythonhosted.org/packages/21/94/44f3c868495481c868d08eea065c82803f1affd8553d3383b782f497613c/mkdocs_open_in_new_tab-1.0.8-py3-none-any.whl
  name: mkdocs-open-in-new-tab
  version: 1.0.8
  sha256: 051d767a4467b12d89827e1fea0ec660b05b027c726317fe4fceee5456e36ad2
  requires_dist:
  - mkdocs
  - mkdocs-material~=9.5.27 ; extra == 'dev'
  - mkdocs-glightbox~=0.4.0 ; extra == 'dev'
  - mkdocs-git-revision-date-localized-plugin~=1.2.6 ; extra == 'dev'
  - setuptools~=70.0.0 ; extra == 'dev'
  - build~=1.2.2 ; extra == 'dev'
  - twine~=5.1.1 ; extra == 'dev'
  requires_python: '>=3.7'
- pypi: https://files.pythonhosted.org/packages/c6/53/387e9ff4e3857cac1a1a1f4d707ca1673c293174fd134de0c25513fb0c49/mkdocs_rss_plugin-1.17.1-py2.py3-none-any.whl
  name: mkdocs-rss-plugin
  version: 1.17.1
  sha256: ff81f0ece33befd5a0152c196132e15eb93b4b9f7f53644c6d3db8e9a529e186
  requires_dist:
  - cachecontrol[filecache]>=0.14,<1
  - gitpython>=3.1.43,<3.2
  - mkdocs>=1.6.1,<2
  - requests>=2.31,<3
  - tzdata==2024.* ; python_full_version >= '3.9' and sys_platform == 'win32'
  - black ; extra == 'dev'
  - flake8>=7.1,<8 ; extra == 'dev'
  - flake8-bugbear>=24.10 ; extra == 'dev'
  - flake8-builtins>=2.5 ; extra == 'dev'
  - flake8-eradicate>=1.5 ; extra == 'dev'
  - flake8-isort>=6.1.1 ; extra == 'dev'
  - pre-commit>=3.7,<4 ; extra == 'dev'
  - mkdocs-git-committers-plugin-2>=2.4.1,<2.5 ; extra == 'doc'
  - mkdocs-git-revision-date-localized-plugin>=1.3,<1.4 ; extra == 'doc'
  - mkdocs-material[imaging]>=9.5.47,<10 ; extra == 'doc'
  - mkdocs-minify-plugin>=0.8,<0.9 ; extra == 'doc'
  - mkdocstrings[python]>=0.27,<1 ; extra == 'doc'
  - termynal>=0.12.2,<0.13 ; extra == 'doc'
  - feedparser>=6.0.11,<6.1 ; extra == 'test'
  - jsonfeed-util>=1.1.2,<2 ; extra == 'test'
  - mkdocs-material[imaging]>=9.5.47 ; extra == 'test'
  - pytest-cov>=6,<7 ; extra == 'test'
  - validator-collection>=1.5,<1.6 ; extra == 'test'
  requires_python: '>=3.9,<4'
- pypi: https://files.pythonhosted.org/packages/b6/bc/8bd826dd03e022153bfa1766dcdec4976d6c818865ed54223d71f07862b3/msgpack-1.1.0-cp313-cp313-win_amd64.whl
  name: msgpack
  version: 1.1.0
  sha256: bce7d9e614a04d0883af0b3d4d501171fbfca038f12c77fa838d9f198147a23f
  requires_python: '>=3.8'
- conda: https://conda.anaconda.org/conda-forge/win-64/openssl-3.4.0-ha4e3fda_1.conda
  sha256: 519a06eaab7c878fbebb8cab98ea4a4465eafb1e9ed8c6ce67226068a80a92f0
  md5: fb45308ba8bfe1abf1f4a27bad24a743
  depends:
  - ca-certificates
  - ucrt >=10.0.20348.0
  - vc >=14.2,<15
  - vc14_runtime >=14.29.30139
  license: Apache-2.0
  license_family: Apache
  purls: []
  size: 8462960
  timestamp: 1736088436984
- conda: https://conda.anaconda.org/conda-forge/noarch/packaging-24.2-pyhd8ed1ab_2.conda
  sha256: da157b19bcd398b9804c5c52fc000fcb8ab0525bdb9c70f95beaa0bb42f85af1
  md5: 3bfed7e6228ebf2f7b9eaa47f1b4e2aa
  depends:
  - python >=3.8
  license: Apache-2.0
  license_family: APACHE
  purls:
  - pkg:pypi/packaging?source=hash-mapping
  size: 60164
  timestamp: 1733203368787
- conda: https://conda.anaconda.org/conda-forge/noarch/paginate-0.5.7-pyhd8ed1ab_1.conda
  sha256: f6fef1b43b0d3d92476e1870c08d7b9c229aebab9a0556b073a5e1641cf453bd
  md5: c3f35453097faf911fd3f6023fc2ab24
  depends:
  - python >=3.9
  license: MIT
  license_family: MIT
  purls:
  - pkg:pypi/paginate?source=hash-mapping
  size: 18865
  timestamp: 1734618649164
- conda: https://conda.anaconda.org/conda-forge/noarch/pathspec-0.12.1-pyhd8ed1ab_1.conda
  sha256: 9f64009cdf5b8e529995f18e03665b03f5d07c0b17445b8badef45bde76249ee
  md5: 617f15191456cc6a13db418a275435e5
  depends:
  - python >=3.9
  license: MPL-2.0
  license_family: MOZILLA
  purls:
  - pkg:pypi/pathspec?source=hash-mapping
  size: 41075
  timestamp: 1733233471940
- conda: https://conda.anaconda.org/conda-forge/noarch/platformdirs-4.3.6-pyhd8ed1ab_1.conda
  sha256: bb50f6499e8bc1d1a26f17716c97984671121608dc0c3ecd34858112bce59a27
  md5: 577852c7e53901ddccc7e6a9959ddebe
  depends:
  - python >=3.9
  license: MIT
  license_family: MIT
  purls:
  - pkg:pypi/platformdirs?source=hash-mapping
  size: 20448
  timestamp: 1733232756001
- conda: https://conda.anaconda.org/conda-forge/noarch/pycparser-2.22-pyh29332c3_1.conda
  sha256: 79db7928d13fab2d892592223d7570f5061c192f27b9febd1a418427b719acc6
  md5: 12c566707c80111f9799308d9e265aef
  depends:
  - python >=3.9
  - python
  license: BSD-3-Clause
  license_family: BSD
  purls: []
  size: 110100
  timestamp: 1733195786147
- conda: https://conda.anaconda.org/conda-forge/noarch/pygments-2.19.1-pyhd8ed1ab_0.conda
  sha256: 28a3e3161390a9d23bc02b4419448f8d27679d9e2c250e29849e37749c8de86b
  md5: 232fb4577b6687b2d503ef8e254270c9
  depends:
  - python >=3.9
  license: BSD-2-Clause
  license_family: BSD
  purls:
  - pkg:pypi/pygments?source=hash-mapping
  size: 888600
  timestamp: 1736243563082
- conda: https://conda.anaconda.org/conda-forge/noarch/pymdown-extensions-10.14.3-pyhd8ed1ab_0.conda
  sha256: 83b638059eda5208e2e4acfeecf2ff53b5dcb1adc7d85fc92edf0e7a48b943eb
  md5: 08bf3657d03e1ee964c66288f5b3d797
  depends:
  - markdown >=3.6
  - python >=3.9
  - pyyaml
  license: MIT
  license_family: MIT
  purls:
  - pkg:pypi/pymdown-extensions?source=hash-mapping
  size: 168695
  timestamp: 1738439213597
- conda: https://conda.anaconda.org/conda-forge/noarch/pypdf2-3.0.1-pyhd8ed1ab_1.conda
  sha256: 1008215979d7115fe443b52d6a971be3508493f0075db2e9684308e445e8cca7
  md5: b2eb8caf9b78af00fca8a0b3fc571712
  depends:
  - dataclasses
  - python >=3.9
  - typing_extensions >=3.10.0.0
  license: BSD-3-Clause
  license_family: BSD
  purls:
  - pkg:pypi/pypdf2?source=hash-mapping
  size: 184808
  timestamp: 1735229542380
- conda: https://conda.anaconda.org/conda-forge/noarch/pysocks-1.7.1-pyh09c184e_7.conda
  sha256: d016e04b0e12063fbee4a2d5fbb9b39a8d191b5a0042f0b8459188aedeabb0ca
  md5: e2fd202833c4a981ce8a65974fe4abd1
  depends:
  - __win
  - python >=3.9
  - win_inet_pton
  license: BSD-3-Clause
  license_family: BSD
  purls:
  - pkg:pypi/pysocks?source=hash-mapping
  size: 21784
  timestamp: 1733217448189
- conda: https://conda.anaconda.org/conda-forge/win-64/python-3.13.1-h071d269_105_cp313.conda
  build_number: 105
  sha256: de3bb832ff3982c993c6af15e6c45bb647159f25329caceed6f73fd4769c7628
  md5: 3ddb0531ecfb2e7274d471203e053d78
  depends:
  - bzip2 >=1.0.8,<2.0a0
  - libexpat >=2.6.4,<3.0a0
  - libffi >=3.4,<4.0a0
  - liblzma >=5.6.3,<6.0a0
  - libmpdec >=4.0.0,<5.0a0
  - libsqlite >=3.47.2,<4.0a0
  - libzlib >=1.3.1,<2.0a0
  - openssl >=3.4.0,<4.0a0
  - python_abi 3.13.* *_cp313
  - tk >=8.6.13,<8.7.0a0
  - tzdata
  - ucrt >=10.0.20348.0
  - vc >=14.2,<15
  - vc14_runtime >=14.29.30139
  license: Python-2.0
  purls: []
  size: 16778758
  timestamp: 1736761341620
  python_site_packages_path: Lib/site-packages
- conda: https://conda.anaconda.org/conda-forge/noarch/python-dateutil-2.9.0.post0-pyhff2d567_1.conda
  sha256: a50052536f1ef8516ed11a844f9413661829aa083304dc624c5925298d078d79
  md5: 5ba79d7c71f03c678c8ead841f347d6e
  depends:
  - python >=3.9
  - six >=1.5
  license: Apache-2.0
  license_family: APACHE
  purls:
  - pkg:pypi/python-dateutil?source=hash-mapping
  size: 222505
  timestamp: 1733215763718
- conda: https://conda.anaconda.org/conda-forge/win-64/python_abi-3.13-5_cp313.conda
  build_number: 5
  sha256: 0c12cc1b84962444002c699ed21e815fb9f686f950d734332a1b74d07db97756
  md5: 44b4fe6f22b57103afb2299935c8b68e
  constrains:
  - python 3.13.* *_cp313
  license: BSD-3-Clause
  license_family: BSD
  purls: []
  size: 6716
  timestamp: 1723823166911
- conda: https://conda.anaconda.org/conda-forge/noarch/pytz-2025.1-pyhd8ed1ab_0.conda
  sha256: bc35995ecbd38693567fc143d3e6008e53cff900b453412cae48ffa535f25d1f
  md5: d451ccded808abf6511f0a2ac9bb9dcc
  depends:
  - python >=3.9
  license: MIT
  license_family: MIT
  purls:
  - pkg:pypi/pytz?source=compressed-mapping
  size: 186859
  timestamp: 1738317649432
- conda: https://conda.anaconda.org/conda-forge/win-64/pyyaml-6.0.2-py313hb4c8b1a_2.conda
  sha256: 5b496c96e48f495de41525cb1b603d0147f2079f88a8cf061aaf9e17a2fe1992
  md5: d14f685b5d204b023c641b188a8d0d7c
  depends:
  - python >=3.13,<3.14.0a0
  - python_abi 3.13.* *_cp313
  - ucrt >=10.0.20348.0
  - vc >=14.2,<15
  - vc14_runtime >=14.29.30139
  - yaml >=0.2.5,<0.3.0a0
  license: MIT
  license_family: MIT
  purls:
  - pkg:pypi/pyyaml?source=hash-mapping
  size: 182783
  timestamp: 1737455202579
- conda: https://conda.anaconda.org/conda-forge/noarch/pyyaml-env-tag-0.1-pyhd8ed1ab_1.conda
  sha256: 313b597524729b9df052a3a15750df53f9a6a020dbe322a38c0995227e40ee8c
  md5: 02a556b5c344b576bbb7ad2a2c6f2246
  depends:
  - python >=3.9
  - pyyaml
  license: MIT
  license_family: MIT
  purls:
  - pkg:pypi/pyyaml-env-tag?source=hash-mapping
  size: 9940
  timestamp: 1734344363898
- conda: https://conda.anaconda.org/conda-forge/win-64/regex-2024.11.6-py313ha7868ed_0.conda
  sha256: 74d639e465bfc0d9cbd0f2f7d3ce7d1181cdcaf80edcbc98630840096268f3fe
  md5: 73fa53415b4ee5bb6c3c27e4f42340be
  depends:
  - python >=3.13,<3.14.0a0
  - python_abi 3.13.* *_cp313
  - ucrt >=10.0.20348.0
  - vc >=14.2,<15
  - vc14_runtime >=14.29.30139
  license: Python-2.0
  license_family: PSF
  purls:
  - pkg:pypi/regex?source=hash-mapping
  size: 364831
  timestamp: 1730952548216
- conda: https://conda.anaconda.org/conda-forge/noarch/requests-2.32.3-pyhd8ed1ab_1.conda
  sha256: d701ca1136197aa121bbbe0e8c18db6b5c94acbd041c2b43c70e5ae104e1d8ad
  md5: a9b9368f3701a417eac9edbcae7cb737
  depends:
  - certifi >=2017.4.17
  - charset-normalizer >=2,<4
  - idna >=2.5,<4
  - python >=3.9
  - urllib3 >=1.21.1,<3
  constrains:
  - chardet >=3.0.2,<6
  license: Apache-2.0
  license_family: APACHE
  purls:
  - pkg:pypi/requests?source=hash-mapping
  size: 58723
  timestamp: 1733217126197
- conda: https://conda.anaconda.org/conda-forge/noarch/six-1.17.0-pyhd8ed1ab_0.conda
  sha256: 41db0180680cc67c3fa76544ffd48d6a5679d96f4b71d7498a759e94edc9a2db
  md5: a451d576819089b0d672f18768be0f65
  depends:
  - python >=3.9
  license: MIT
  license_family: MIT
  purls:
  - pkg:pypi/six?source=hash-mapping
  size: 16385
  timestamp: 1733381032766
- pypi: https://files.pythonhosted.org/packages/04/be/d09147ad1ec7934636ad912901c5fd7667e1c858e19d355237db0d0cd5e4/smmap-5.0.2-py3-none-any.whl
  name: smmap
  version: 5.0.2
  sha256: b30115f0def7d7531d22a0fb6502488d879e75b260a9db4d0819cfb25403af5e
  requires_python: '>=3.7'
- pypi: https://files.pythonhosted.org/packages/d1/c2/fe97d779f3ef3b15f05c94a2f1e3d21732574ed441687474db9d342a7315/soupsieve-2.6-py3-none-any.whl
  name: soupsieve
  version: '2.6'
  sha256: e72c4ff06e4fb6e4b5a9f0f55fe6e81514581fca1515028625d0f299c602ccc9
  requires_python: '>=3.8'
- pypi: https://files.pythonhosted.org/packages/07/6d/58de58c521e7fb79bceb4da90d55250070bb4adfa3c870b82519a561c79d/super_collections-0.5.3-py3-none-any.whl
  name: super-collections
  version: 0.5.3
  sha256: 907d35b25dc4070910e8254bf2f5c928348af1cf8a1f1e8259e06c666e902cff
  requires_dist:
  - hjson
  - pytest>=7.0 ; extra == 'test'
  requires_python: '>=3.8'
- pypi: https://files.pythonhosted.org/packages/a6/7e/a574ccd49ad07e8b117407bac361f1e096b01f1b620365daf60ff702c936/termcolor-3.0.1-py3-none-any.whl
  name: termcolor
  version: 3.0.1
  sha256: da1ed4ec8a5dc5b2e17476d859febdb3cccb612be1c36e64511a6f2485c10c69
  requires_dist:
  - pytest ; extra == 'tests'
  - pytest-cov ; extra == 'tests'
  requires_python: '>=3.9'
- conda: https://conda.anaconda.org/conda-forge/win-64/tk-8.6.13-h5226925_1.conda
  sha256: 2c4e914f521ccb2718946645108c9bd3fc3216ba69aea20c2c3cedbd8db32bb1
  md5: fc048363eb8f03cd1737600a5d08aafe
  depends:
  - ucrt >=10.0.20348.0
  - vc >=14.2,<15
  - vc14_runtime >=14.29.30139
  license: TCL
  license_family: BSD
  purls: []
  size: 3503410
  timestamp: 1699202577803
- conda: https://conda.anaconda.org/conda-forge/noarch/typing-extensions-4.13.1-hf5ce1d7_0.conda
  sha256: f38c8a4cb27155a3c0d2853683569b1b1b38b31aa17195c23789367868d2125e
  md5: e37cf790f710cf72fd13dcb6b2d4370c
  depends:
  - typing_extensions ==4.13.1 pyh29332c3_0
  license: PSF-2.0
  license_family: PSF
  purls: []
  size: 89685
  timestamp: 1743820059977
- conda: https://conda.anaconda.org/conda-forge/noarch/typing_extensions-4.13.1-pyh29332c3_0.conda
  sha256: 78a5efbf86eca68b5f9e58f0dc7e56dcfa96d1dcba5c7f5f37d2c0444de22085
  md5: 5710c79a5fb0a6bfdba0a887f90583b1
  depends:
  - python >=3.9
  - python
  license: PSF-2.0
  license_family: PSF
  purls:
  - pkg:pypi/typing-extensions?source=compressed-mapping
  size: 52170
  timestamp: 1743820059977
- pypi: https://files.pythonhosted.org/packages/a6/ab/7e5f53c3b9d14972843a647d8d7a853969a58aecc7559cb3267302c94774/tzdata-2024.2-py2.py3-none-any.whl
  name: tzdata
  version: '2024.2'
  sha256: a48093786cdcde33cad18c2555e8532f34422074448fbc874186f0abd79565cd
  requires_python: '>=2'
- conda: https://conda.anaconda.org/conda-forge/noarch/tzdata-2025a-h78e105d_0.conda
  sha256: c4b1ae8a2931fe9b274c44af29c5475a85b37693999f8c792dad0f8c6734b1de
  md5: dbcace4706afdfb7eb891f7b37d07c04
  license: LicenseRef-Public-Domain
  purls: []
  size: 122921
  timestamp: 1737119101255
- conda: https://conda.anaconda.org/conda-forge/win-64/ucrt-10.0.22621.0-h57928b3_1.conda
  sha256: db8dead3dd30fb1a032737554ce91e2819b43496a0db09927edf01c32b577450
  md5: 6797b005cd0f439c4c5c9ac565783700
  constrains:
  - vs2015_runtime >=14.29.30037
  license: LicenseRef-MicrosoftWindowsSDK10
  purls: []
  size: 559710
  timestamp: 1728377334097
- conda: https://conda.anaconda.org/conda-forge/noarch/urllib3-2.3.0-pyhd8ed1ab_0.conda
  sha256: 114919ffa80c328127dab9c8e7a38f9d563c617691fb81fccb11c1e86763727e
  md5: 32674f8dbfb7b26410ed580dd3c10a29
  depends:
  - brotli-python >=1.0.9
  - h2 >=4,<5
  - pysocks >=1.5.6,<2.0,!=1.5.7
  - python >=3.9
  - zstandard >=0.18.0
  license: MIT
  license_family: MIT
  purls:
  - pkg:pypi/urllib3?source=hash-mapping
  size: 100102
  timestamp: 1734859520452
- conda: https://conda.anaconda.org/conda-forge/win-64/vc-14.3-h5fd82a7_24.conda
  sha256: 7ce178cf139ccea5079f9c353b3d8415d1d49b0a2f774662c355d3f89163d7b4
  md5: 00cf3a61562bd53bd5ea99e6888793d0
  depends:
  - vc14_runtime >=14.40.33810
  track_features:
  - vc14
  license: BSD-3-Clause
  license_family: BSD
  purls: []
  size: 17693
  timestamp: 1737627189024
- conda: https://conda.anaconda.org/conda-forge/win-64/vc14_runtime-14.42.34433-h6356254_24.conda
  sha256: abda97b8728cf6e3c37df8f1178adde7219bed38b96e392cb3be66336386d32e
  md5: 2441e010ee255e6a38bf16705a756e94
  depends:
  - ucrt >=10.0.20348.0
  constrains:
  - vs2015_runtime 14.42.34433.* *_24
  license: LicenseRef-MicrosoftVisualCpp2015-2022Runtime
  license_family: Proprietary
  purls: []
  size: 753531
  timestamp: 1737627061911
- conda: https://conda.anaconda.org/conda-forge/win-64/vs2015_runtime-14.42.34433-hfef2bbc_24.conda
  sha256: 09102e0bd283af65772c052d85028410b0c31989b3cd96c260485d28e270836e
  md5: 117fcc5b86c48f3b322b0722258c7259
  depends:
  - vc14_runtime >=14.42.34433
  license: BSD-3-Clause
  license_family: BSD
  purls: []
  size: 17669
  timestamp: 1737627066773
- conda: https://conda.anaconda.org/conda-forge/win-64/watchdog-6.0.0-py313hfa70ccb_0.conda
  sha256: 213d520704e528b2273b2701f0961048c5bdbefbe4db5cdabcf9d01d4322fbf8
  md5: 9593f7b5c1aa4be66a9945c4f1e9f043
  depends:
  - python >=3.13,<3.14.0a0
  - python_abi 3.13.* *_cp313
  - pyyaml >=3.10
  license: Apache-2.0
  license_family: APACHE
  purls:
  - pkg:pypi/watchdog?source=hash-mapping
  size: 167930
  timestamp: 1730493160417
- conda: https://conda.anaconda.org/conda-forge/noarch/win_inet_pton-1.1.0-pyh7428d3b_8.conda
  sha256: 93807369ab91f230cf9e6e2a237eaa812492fe00face5b38068735858fba954f
  md5: 46e441ba871f524e2b067929da3051c2
  depends:
  - __win
  - python >=3.9
  license: LicenseRef-Public-Domain
  purls:
  - pkg:pypi/win-inet-pton?source=hash-mapping
  size: 9555
  timestamp: 1733130678956
- conda: https://conda.anaconda.org/conda-forge/win-64/yaml-0.2.5-h8ffe710_2.tar.bz2
  sha256: 4e2246383003acbad9682c7c63178e2e715ad0eb84f03a8df1fbfba455dfedc5
  md5: adbfb9f45d1004a26763652246a33764
  depends:
  - vc >=14.1,<15.0a0
  - vs2015_runtime >=14.16.27012
  license: MIT
  license_family: MIT
  purls: []
  size: 63274
  timestamp: 1641347623319
- conda: https://conda.anaconda.org/conda-forge/noarch/zipp-3.21.0-pyhd8ed1ab_1.conda
  sha256: 567c04f124525c97a096b65769834b7acb047db24b15a56888a322bf3966c3e1
  md5: 0c3cc595284c5e8f0f9900a9b228a332
  depends:
  - python >=3.9
  license: MIT
  license_family: MIT
  purls:
  - pkg:pypi/zipp?source=hash-mapping
  size: 21809
  timestamp: 1732827613585
- conda: https://conda.anaconda.org/conda-forge/win-64/zstandard-0.23.0-py313h574b89f_1.conda
  sha256: 1d2744ec0e91da267ce749e19142081472539cb140a7dad0646cd249246691fe
  md5: 8e017aca933f4dd25491151edd3e7820
  depends:
  - cffi >=1.11
  - python >=3.13.0rc1,<3.14.0a0
  - python_abi 3.13.* *_cp313
  - ucrt >=10.0.20348.0
  - vc >=14.2,<15
  - vc14_runtime >=14.29.30139
  - zstd >=1.5.6,<1.5.7.0a0
  - zstd >=1.5.6,<1.6.0a0
  license: BSD-3-Clause
  license_family: BSD
  purls:
  - pkg:pypi/zstandard?source=hash-mapping
  size: 325703
  timestamp: 1725305947138
- conda: https://conda.anaconda.org/conda-forge/win-64/zstd-1.5.6-h0ea2cb4_0.conda
  sha256: 768e30dc513568491818fb068ee867c57c514b553915536da09e5d10b4ebf3c3
  md5: 9a17230f95733c04dc40a2b1e5491d74
  depends:
  - libzlib >=1.2.13,<2.0.0a0
  - ucrt >=10.0.20348.0
  - vc >=14.2,<15
  - vc14_runtime >=14.29.30139
  license: BSD-3-Clause
  license_family: BSD
  purls: []
  size: 349143
  timestamp: 1714723445995
